// !$*UTF8*$!
{
	archiveVersion = 1;
	classes = {
	};
	objectVersion = 51;
	objects = {

/* Begin PBXBuildFile section */
		3B3381AB22F3EE640033BE82 /* AppDelegate.swift in Sources */ = {isa = PBXBuildFile; fileRef = 3B3381AA22F3EE640033BE82 /* AppDelegate.swift */; };
		3B3381AD22F3EE640033BE82 /* ViewController.swift in Sources */ = {isa = PBXBuildFile; fileRef = 3B3381AC22F3EE640033BE82 /* ViewController.swift */; };
		3B3381B022F3EE640033BE82 /* Main.storyboard in Resources */ = {isa = PBXBuildFile; fileRef = 3B3381AE22F3EE640033BE82 /* Main.storyboard */; };
		3B3381B222F3EE660033BE82 /* Assets.xcassets in Resources */ = {isa = PBXBuildFile; fileRef = 3B3381B122F3EE660033BE82 /* Assets.xcassets */; };
		3B3381B522F3EE660033BE82 /* LaunchScreen.storyboard in Resources */ = {isa = PBXBuildFile; fileRef = 3B3381B322F3EE660033BE82 /* LaunchScreen.storyboard */; };
		3B7F7BDD22F44BBF001D46A2 /* Release.xcconfig in Resources */ = {isa = PBXBuildFile; fileRef = 3B7F7BDA22F44BBF001D46A2 /* Release.xcconfig */; };
		3B7F7BDE22F44BBF001D46A2 /* Staging.xcconfig in Resources */ = {isa = PBXBuildFile; fileRef = 3B7F7BDB22F44BBF001D46A2 /* Staging.xcconfig */; };
		3B7F7BDF22F44BBF001D46A2 /* Debug.xcconfig in Resources */ = {isa = PBXBuildFile; fileRef = 3B7F7BDC22F44BBF001D46A2 /* Debug.xcconfig */; };
		3B7F7BE722F44CDC001D46A2 /* ConfigurationDemoTests.swift in Sources */ = {isa = PBXBuildFile; fileRef = 3B7F7BE622F44CDC001D46A2 /* ConfigurationDemoTests.swift */; };
		FB9AFCD8F1ADB63306BD6BD3 /* Pods_ConfigurationDemo.framework in Frameworks */ = {isa = PBXBuildFile; fileRef = 03E2B4EB6DD5BCD142E50F60 /* Pods_ConfigurationDemo.framework */; };
/* End PBXBuildFile section */

/* Begin PBXContainerItemProxy section */
		3B7F7BE922F44CDC001D46A2 /* PBXContainerItemProxy */ = {
			isa = PBXContainerItemProxy;
			containerPortal = 3B33819F22F3EE640033BE82 /* Project object */;
			proxyType = 1;
			remoteGlobalIDString = 3B3381A622F3EE640033BE82;
			remoteInfo = ConfigurationDemo;
		};
/* End PBXContainerItemProxy section */

/* Begin PBXFileReference section */
		03E2B4EB6DD5BCD142E50F60 /* Pods_ConfigurationDemo.framework */ = {isa = PBXFileReference; explicitFileType = wrapper.framework; includeInIndex = 0; path = Pods_ConfigurationDemo.framework; sourceTree = BUILT_PRODUCTS_DIR; };
		330B572A031410EA04793FED /* Pods-ConfigurationDemo.debug.xcconfig */ = {isa = PBXFileReference; includeInIndex = 1; lastKnownFileType = text.xcconfig; name = "Pods-ConfigurationDemo.debug.xcconfig"; path = "Target Support Files/Pods-ConfigurationDemo/Pods-ConfigurationDemo.debug.xcconfig"; sourceTree = "<group>"; };
		3B3381A722F3EE640033BE82 /* ConfigurationDemo.app */ = {isa = PBXFileReference; explicitFileType = wrapper.application; includeInIndex = 0; path = ConfigurationDemo.app; sourceTree = BUILT_PRODUCTS_DIR; };
		3B3381AA22F3EE640033BE82 /* AppDelegate.swift */ = {isa = PBXFileReference; lastKnownFileType = sourcecode.swift; path = AppDelegate.swift; sourceTree = "<group>"; };
		3B3381AC22F3EE640033BE82 /* ViewController.swift */ = {isa = PBXFileReference; lastKnownFileType = sourcecode.swift; path = ViewController.swift; sourceTree = "<group>"; };
		3B3381AF22F3EE640033BE82 /* Base */ = {isa = PBXFileReference; lastKnownFileType = file.storyboard; name = Base; path = Base.lproj/Main.storyboard; sourceTree = "<group>"; };
		3B3381B122F3EE660033BE82 /* Assets.xcassets */ = {isa = PBXFileReference; lastKnownFileType = folder.assetcatalog; path = Assets.xcassets; sourceTree = "<group>"; };
		3B3381B422F3EE660033BE82 /* Base */ = {isa = PBXFileReference; lastKnownFileType = file.storyboard; name = Base; path = Base.lproj/LaunchScreen.storyboard; sourceTree = "<group>"; };
		3B3381B622F3EE660033BE82 /* Info.plist */ = {isa = PBXFileReference; lastKnownFileType = text.plist.xml; path = Info.plist; sourceTree = "<group>"; };
		3B7F7BDA22F44BBF001D46A2 /* Release.xcconfig */ = {isa = PBXFileReference; fileEncoding = 4; lastKnownFileType = text.xcconfig; name = Release.xcconfig; path = ConfigurationDemo/Release.xcconfig; sourceTree = SOURCE_ROOT; };
		3B7F7BDB22F44BBF001D46A2 /* Staging.xcconfig */ = {isa = PBXFileReference; fileEncoding = 4; lastKnownFileType = text.xcconfig; name = Staging.xcconfig; path = ConfigurationDemo/Staging.xcconfig; sourceTree = SOURCE_ROOT; };
		3B7F7BDC22F44BBF001D46A2 /* Debug.xcconfig */ = {isa = PBXFileReference; fileEncoding = 4; lastKnownFileType = text.xcconfig; name = Debug.xcconfig; path = ConfigurationDemo/Debug.xcconfig; sourceTree = SOURCE_ROOT; };
		3B7F7BE422F44CDC001D46A2 /* ConfigurationDemoTests.xctest */ = {isa = PBXFileReference; explicitFileType = wrapper.cfbundle; includeInIndex = 0; path = ConfigurationDemoTests.xctest; sourceTree = BUILT_PRODUCTS_DIR; };
		3B7F7BE622F44CDC001D46A2 /* ConfigurationDemoTests.swift */ = {isa = PBXFileReference; lastKnownFileType = sourcecode.swift; path = ConfigurationDemoTests.swift; sourceTree = "<group>"; };
		3B7F7BE822F44CDC001D46A2 /* Info.plist */ = {isa = PBXFileReference; lastKnownFileType = text.plist.xml; path = Info.plist; sourceTree = "<group>"; };
		CA0AE63F8B4D93CE3F4E0D6A /* Pods-ConfigurationDemo.release.xcconfig */ = {isa = PBXFileReference; includeInIndex = 1; lastKnownFileType = text.xcconfig; name = "Pods-ConfigurationDemo.release.xcconfig"; path = "Target Support Files/Pods-ConfigurationDemo/Pods-ConfigurationDemo.release.xcconfig"; sourceTree = "<group>"; };
		CD364DAEB215F49DEF204CBE /* Pods-ConfigurationDemo.staging.xcconfig */ = {isa = PBXFileReference; includeInIndex = 1; lastKnownFileType = text.xcconfig; name = "Pods-ConfigurationDemo.staging.xcconfig"; path = "Target Support Files/Pods-ConfigurationDemo/Pods-ConfigurationDemo.staging.xcconfig"; sourceTree = "<group>"; };
/* End PBXFileReference section */

/* Begin PBXFrameworksBuildPhase section */
		3B3381A422F3EE640033BE82 /* Frameworks */ = {
			isa = PBXFrameworksBuildPhase;
			buildActionMask = 2147483647;
			files = (
				FB9AFCD8F1ADB63306BD6BD3 /* Pods_ConfigurationDemo.framework in Frameworks */,
			);
			runOnlyForDeploymentPostprocessing = 0;
		};
		3B7F7BE122F44CDC001D46A2 /* Frameworks */ = {
			isa = PBXFrameworksBuildPhase;
			buildActionMask = 2147483647;
			files = (
			);
			runOnlyForDeploymentPostprocessing = 0;
		};
/* End PBXFrameworksBuildPhase section */

/* Begin PBXGroup section */
		1D5E7AE6E591B682EE8331FE /* Pods */ = {
			isa = PBXGroup;
			children = (
				330B572A031410EA04793FED /* Pods-ConfigurationDemo.debug.xcconfig */,
				CD364DAEB215F49DEF204CBE /* Pods-ConfigurationDemo.staging.xcconfig */,
				CA0AE63F8B4D93CE3F4E0D6A /* Pods-ConfigurationDemo.release.xcconfig */,
			);
			path = Pods;
			sourceTree = "<group>";
		};
		3B33819E22F3EE640033BE82 = {
			isa = PBXGroup;
			children = (
				3B3381A922F3EE640033BE82 /* ConfigurationDemo */,
				3B7F7BE522F44CDC001D46A2 /* ConfigurationDemoTests */,
				3B3381A822F3EE640033BE82 /* Products */,
				1D5E7AE6E591B682EE8331FE /* Pods */,
				94C8F928BD532E680AE27D2E /* Frameworks */,
			);
			sourceTree = "<group>";
		};
		3B3381A822F3EE640033BE82 /* Products */ = {
			isa = PBXGroup;
			children = (
				3B3381A722F3EE640033BE82 /* ConfigurationDemo.app */,
				3B7F7BE422F44CDC001D46A2 /* ConfigurationDemoTests.xctest */,
			);
			name = Products;
			sourceTree = "<group>";
		};
		3B3381A922F3EE640033BE82 /* ConfigurationDemo */ = {
			isa = PBXGroup;
			children = (
				3B7F7BD922F44B9E001D46A2 /* Resources */,
				3B3381AA22F3EE640033BE82 /* AppDelegate.swift */,
				3B3381AC22F3EE640033BE82 /* ViewController.swift */,
				3B3381AE22F3EE640033BE82 /* Main.storyboard */,
				3B3381B122F3EE660033BE82 /* Assets.xcassets */,
				3B3381B322F3EE660033BE82 /* LaunchScreen.storyboard */,
				3B3381B622F3EE660033BE82 /* Info.plist */,
			);
			path = ConfigurationDemo;
			sourceTree = "<group>";
		};
		3B7F7BD922F44B9E001D46A2 /* Resources */ = {
			isa = PBXGroup;
			children = (
				3B7F7BDC22F44BBF001D46A2 /* Debug.xcconfig */,
				3B7F7BDA22F44BBF001D46A2 /* Release.xcconfig */,
				3B7F7BDB22F44BBF001D46A2 /* Staging.xcconfig */,
			);
			path = Resources;
			sourceTree = "<group>";
		};
		3B7F7BE522F44CDC001D46A2 /* ConfigurationDemoTests */ = {
			isa = PBXGroup;
			children = (
				3B7F7BE622F44CDC001D46A2 /* ConfigurationDemoTests.swift */,
				3B7F7BE822F44CDC001D46A2 /* Info.plist */,
			);
			path = ConfigurationDemoTests;
			sourceTree = "<group>";
		};
		94C8F928BD532E680AE27D2E /* Frameworks */ = {
			isa = PBXGroup;
			children = (
				03E2B4EB6DD5BCD142E50F60 /* Pods_ConfigurationDemo.framework */,
			);
			name = Frameworks;
			sourceTree = "<group>";
		};
/* End PBXGroup section */

/* Begin PBXNativeTarget section */
		3B3381A622F3EE640033BE82 /* ConfigurationDemo */ = {
			isa = PBXNativeTarget;
			buildConfigurationList = 3B3381B922F3EE660033BE82 /* Build configuration list for PBXNativeTarget "ConfigurationDemo" */;
			buildPhases = (
				037B252EED6EF7C90D52FBDD /* [CP] Check Pods Manifest.lock */,
				3B3381A322F3EE640033BE82 /* Sources */,
				3B3381A422F3EE640033BE82 /* Frameworks */,
				3B3381A522F3EE640033BE82 /* Resources */,
				78FA874D3ADA23E5DA12DF83 /* [CP] Embed Pods Frameworks */,
			);
			buildRules = (
			);
			dependencies = (
			);
			name = ConfigurationDemo;
			productName = ConfigurationDemo;
			productReference = 3B3381A722F3EE640033BE82 /* ConfigurationDemo.app */;
			productType = "com.apple.product-type.application";
		};
		3B7F7BE322F44CDC001D46A2 /* ConfigurationDemoTests */ = {
			isa = PBXNativeTarget;
			buildConfigurationList = 3B7F7BEE22F44CDC001D46A2 /* Build configuration list for PBXNativeTarget "ConfigurationDemoTests" */;
			buildPhases = (
				3B7F7BE022F44CDC001D46A2 /* Sources */,
				3B7F7BE122F44CDC001D46A2 /* Frameworks */,
				3B7F7BE222F44CDC001D46A2 /* Resources */,
			);
			buildRules = (
			);
			dependencies = (
				3B7F7BEA22F44CDC001D46A2 /* PBXTargetDependency */,
			);
			name = ConfigurationDemoTests;
			productName = ConfigurationDemoTests;
			productReference = 3B7F7BE422F44CDC001D46A2 /* ConfigurationDemoTests.xctest */;
			productType = "com.apple.product-type.bundle.unit-test";
		};
/* End PBXNativeTarget section */

/* Begin PBXProject section */
		3B33819F22F3EE640033BE82 /* Project object */ = {
			isa = PBXProject;
			attributes = {
				LastSwiftUpdateCheck = 1030;
				LastUpgradeCheck = 1030;
				ORGANIZATIONNAME = MBA0049;
				TargetAttributes = {
					3B3381A622F3EE640033BE82 = {
						CreatedOnToolsVersion = 10.3;
					};
					3B7F7BE322F44CDC001D46A2 = {
						CreatedOnToolsVersion = 10.3;
						TestTargetID = 3B3381A622F3EE640033BE82;
					};
				};
			};
			buildConfigurationList = 3B3381A222F3EE640033BE82 /* Build configuration list for PBXProject "ConfigurationDemo" */;
			compatibilityVersion = "Xcode 9.3";
			developmentRegion = en;
			hasScannedForEncodings = 0;
			knownRegions = (
				en,
				Base,
			);
			mainGroup = 3B33819E22F3EE640033BE82;
			productRefGroup = 3B3381A822F3EE640033BE82 /* Products */;
			projectDirPath = "";
			projectRoot = "";
			targets = (
				3B3381A622F3EE640033BE82 /* ConfigurationDemo */,
				3B7F7BE322F44CDC001D46A2 /* ConfigurationDemoTests */,
			);
		};
/* End PBXProject section */

/* Begin PBXResourcesBuildPhase section */
		3B3381A522F3EE640033BE82 /* Resources */ = {
			isa = PBXResourcesBuildPhase;
			buildActionMask = 2147483647;
			files = (
				3B7F7BDD22F44BBF001D46A2 /* Release.xcconfig in Resources */,
				3B3381B522F3EE660033BE82 /* LaunchScreen.storyboard in Resources */,
				3B7F7BDF22F44BBF001D46A2 /* Debug.xcconfig in Resources */,
				3B3381B222F3EE660033BE82 /* Assets.xcassets in Resources */,
				3B7F7BDE22F44BBF001D46A2 /* Staging.xcconfig in Resources */,
				3B3381B022F3EE640033BE82 /* Main.storyboard in Resources */,
			);
			runOnlyForDeploymentPostprocessing = 0;
		};
		3B7F7BE222F44CDC001D46A2 /* Resources */ = {
			isa = PBXResourcesBuildPhase;
			buildActionMask = 2147483647;
			files = (
			);
			runOnlyForDeploymentPostprocessing = 0;
		};
/* End PBXResourcesBuildPhase section */

/* Begin PBXShellScriptBuildPhase section */
		037B252EED6EF7C90D52FBDD /* [CP] Check Pods Manifest.lock */ = {
			isa = PBXShellScriptBuildPhase;
			buildActionMask = 2147483647;
			files = (
			);
			inputFileListPaths = (
			);
			inputPaths = (
				"${PODS_PODFILE_DIR_PATH}/Podfile.lock",
				"${PODS_ROOT}/Manifest.lock",
			);
			name = "[CP] Check Pods Manifest.lock";
			outputFileListPaths = (
			);
			outputPaths = (
				"$(DERIVED_FILE_DIR)/Pods-ConfigurationDemo-checkManifestLockResult.txt",
			);
			runOnlyForDeploymentPostprocessing = 0;
			shellPath = /bin/sh;
			shellScript = "diff \"${PODS_PODFILE_DIR_PATH}/Podfile.lock\" \"${PODS_ROOT}/Manifest.lock\" > /dev/null\nif [ $? != 0 ] ; then\n    # print error to STDERR\n    echo \"error: The sandbox is not in sync with the Podfile.lock. Run 'pod install' or update your CocoaPods installation.\" >&2\n    exit 1\nfi\n# This output is used by Xcode 'outputs' to avoid re-running this script phase.\necho \"SUCCESS\" > \"${SCRIPT_OUTPUT_FILE_0}\"\n";
			showEnvVarsInLog = 0;
		};
		78FA874D3ADA23E5DA12DF83 /* [CP] Embed Pods Frameworks */ = {
			isa = PBXShellScriptBuildPhase;
			buildActionMask = 2147483647;
			files = (
			);
			inputFileListPaths = (
				"${PODS_ROOT}/Target Support Files/Pods-ConfigurationDemo/Pods-ConfigurationDemo-frameworks-${CONFIGURATION}-input-files.xcfilelist",
			);
			name = "[CP] Embed Pods Frameworks";
			outputFileListPaths = (
				"${PODS_ROOT}/Target Support Files/Pods-ConfigurationDemo/Pods-ConfigurationDemo-frameworks-${CONFIGURATION}-output-files.xcfilelist",
			);
			runOnlyForDeploymentPostprocessing = 0;
			shellPath = /bin/sh;
			shellScript = "\"${PODS_ROOT}/Target Support Files/Pods-ConfigurationDemo/Pods-ConfigurationDemo-frameworks.sh\"\n";
			showEnvVarsInLog = 0;
		};
/* End PBXShellScriptBuildPhase section */

/* Begin PBXSourcesBuildPhase section */
		3B3381A322F3EE640033BE82 /* Sources */ = {
			isa = PBXSourcesBuildPhase;
			buildActionMask = 2147483647;
			files = (
				3B3381AD22F3EE640033BE82 /* ViewController.swift in Sources */,
				3B3381AB22F3EE640033BE82 /* AppDelegate.swift in Sources */,
			);
			runOnlyForDeploymentPostprocessing = 0;
		};
		3B7F7BE022F44CDC001D46A2 /* Sources */ = {
			isa = PBXSourcesBuildPhase;
			buildActionMask = 2147483647;
			files = (
				3B7F7BE722F44CDC001D46A2 /* ConfigurationDemoTests.swift in Sources */,
			);
			runOnlyForDeploymentPostprocessing = 0;
		};
/* End PBXSourcesBuildPhase section */

/* Begin PBXTargetDependency section */
		3B7F7BEA22F44CDC001D46A2 /* PBXTargetDependency */ = {
			isa = PBXTargetDependency;
			target = 3B3381A622F3EE640033BE82 /* ConfigurationDemo */;
			targetProxy = 3B7F7BE922F44CDC001D46A2 /* PBXContainerItemProxy */;
		};
/* End PBXTargetDependency section */

/* Begin PBXVariantGroup section */
		3B3381AE22F3EE640033BE82 /* Main.storyboard */ = {
			isa = PBXVariantGroup;
			children = (
				3B3381AF22F3EE640033BE82 /* Base */,
			);
			name = Main.storyboard;
			sourceTree = "<group>";
		};
		3B3381B322F3EE660033BE82 /* LaunchScreen.storyboard */ = {
			isa = PBXVariantGroup;
			children = (
				3B3381B422F3EE660033BE82 /* Base */,
			);
			name = LaunchScreen.storyboard;
			sourceTree = "<group>";
		};
/* End PBXVariantGroup section */

/* Begin XCBuildConfiguration section */
		3B3381B722F3EE660033BE82 /* Debug */ = {
			isa = XCBuildConfiguration;
			baseConfigurationReference = 3B7F7BDC22F44BBF001D46A2 /* Debug.xcconfig */;
			buildSettings = {
				ALWAYS_SEARCH_USER_PATHS = NO;
				CLANG_ANALYZER_NONNULL = YES;
				CLANG_ANALYZER_NUMBER_OBJECT_CONVERSION = YES_AGGRESSIVE;
				CLANG_CXX_LANGUAGE_STANDARD = "gnu++14";
				CLANG_CXX_LIBRARY = "libc++";
				CLANG_ENABLE_MODULES = YES;
				CLANG_ENABLE_OBJC_ARC = YES;
				CLANG_ENABLE_OBJC_WEAK = YES;
				CLANG_WARN_BLOCK_CAPTURE_AUTORELEASING = YES;
				CLANG_WARN_BOOL_CONVERSION = YES;
				CLANG_WARN_COMMA = YES;
				CLANG_WARN_CONSTANT_CONVERSION = YES;
				CLANG_WARN_DEPRECATED_OBJC_IMPLEMENTATIONS = YES;
				CLANG_WARN_DIRECT_OBJC_ISA_USAGE = YES_ERROR;
				CLANG_WARN_DOCUMENTATION_COMMENTS = YES;
				CLANG_WARN_EMPTY_BODY = YES;
				CLANG_WARN_ENUM_CONVERSION = YES;
				CLANG_WARN_INFINITE_RECURSION = YES;
				CLANG_WARN_INT_CONVERSION = YES;
				CLANG_WARN_NON_LITERAL_NULL_CONVERSION = YES;
				CLANG_WARN_OBJC_IMPLICIT_RETAIN_SELF = YES;
				CLANG_WARN_OBJC_LITERAL_CONVERSION = YES;
				CLANG_WARN_OBJC_ROOT_CLASS = YES_ERROR;
				CLANG_WARN_RANGE_LOOP_ANALYSIS = YES;
				CLANG_WARN_STRICT_PROTOTYPES = YES;
				CLANG_WARN_SUSPICIOUS_MOVE = YES;
				CLANG_WARN_UNGUARDED_AVAILABILITY = YES_AGGRESSIVE;
				CLANG_WARN_UNREACHABLE_CODE = YES;
				CLANG_WARN__DUPLICATE_METHOD_MATCH = YES;
				CODE_SIGN_IDENTITY = "iPhone Developer";
				COPY_PHASE_STRIP = NO;
				DEBUG_INFORMATION_FORMAT = dwarf;
				ENABLE_STRICT_OBJC_MSGSEND = YES;
				ENABLE_TESTABILITY = YES;
				GCC_C_LANGUAGE_STANDARD = gnu11;
				GCC_DYNAMIC_NO_PIC = NO;
				GCC_NO_COMMON_BLOCKS = YES;
				GCC_OPTIMIZATION_LEVEL = 0;
				GCC_PREPROCESSOR_DEFINITIONS = (
					"DEBUG=1",
					"$(inherited)",
				);
				GCC_WARN_64_TO_32_BIT_CONVERSION = YES;
				GCC_WARN_ABOUT_RETURN_TYPE = YES_ERROR;
				GCC_WARN_UNDECLARED_SELECTOR = YES;
				GCC_WARN_UNINITIALIZED_AUTOS = YES_AGGRESSIVE;
				GCC_WARN_UNUSED_FUNCTION = YES;
				GCC_WARN_UNUSED_VARIABLE = YES;
				IPHONEOS_DEPLOYMENT_TARGET = 12.4;
				MTL_ENABLE_DEBUG_INFO = INCLUDE_SOURCE;
				MTL_FAST_MATH = YES;
				ONLY_ACTIVE_ARCH = YES;
				SDKROOT = iphoneos;
				SWIFT_ACTIVE_COMPILATION_CONDITIONS = DEBUG;
				SWIFT_OPTIMIZATION_LEVEL = "-Onone";
			};
			name = Debug;
		};
		3B3381B822F3EE660033BE82 /* Release */ = {
			isa = XCBuildConfiguration;
			baseConfigurationReference = 3B7F7BDA22F44BBF001D46A2 /* Release.xcconfig */;
			buildSettings = {
				ALWAYS_SEARCH_USER_PATHS = NO;
				CLANG_ANALYZER_NONNULL = YES;
				CLANG_ANALYZER_NUMBER_OBJECT_CONVERSION = YES_AGGRESSIVE;
				CLANG_CXX_LANGUAGE_STANDARD = "gnu++14";
				CLANG_CXX_LIBRARY = "libc++";
				CLANG_ENABLE_MODULES = YES;
				CLANG_ENABLE_OBJC_ARC = YES;
				CLANG_ENABLE_OBJC_WEAK = YES;
				CLANG_WARN_BLOCK_CAPTURE_AUTORELEASING = YES;
				CLANG_WARN_BOOL_CONVERSION = YES;
				CLANG_WARN_COMMA = YES;
				CLANG_WARN_CONSTANT_CONVERSION = YES;
				CLANG_WARN_DEPRECATED_OBJC_IMPLEMENTATIONS = YES;
				CLANG_WARN_DIRECT_OBJC_ISA_USAGE = YES_ERROR;
				CLANG_WARN_DOCUMENTATION_COMMENTS = YES;
				CLANG_WARN_EMPTY_BODY = YES;
				CLANG_WARN_ENUM_CONVERSION = YES;
				CLANG_WARN_INFINITE_RECURSION = YES;
				CLANG_WARN_INT_CONVERSION = YES;
				CLANG_WARN_NON_LITERAL_NULL_CONVERSION = YES;
				CLANG_WARN_OBJC_IMPLICIT_RETAIN_SELF = YES;
				CLANG_WARN_OBJC_LITERAL_CONVERSION = YES;
				CLANG_WARN_OBJC_ROOT_CLASS = YES_ERROR;
				CLANG_WARN_RANGE_LOOP_ANALYSIS = YES;
				CLANG_WARN_STRICT_PROTOTYPES = YES;
				CLANG_WARN_SUSPICIOUS_MOVE = YES;
				CLANG_WARN_UNGUARDED_AVAILABILITY = YES_AGGRESSIVE;
				CLANG_WARN_UNREACHABLE_CODE = YES;
				CLANG_WARN__DUPLICATE_METHOD_MATCH = YES;
				CODE_SIGN_IDENTITY = "iPhone Developer";
				COPY_PHASE_STRIP = NO;
				DEBUG_INFORMATION_FORMAT = "dwarf-with-dsym";
				ENABLE_NS_ASSERTIONS = NO;
				ENABLE_STRICT_OBJC_MSGSEND = YES;
				GCC_C_LANGUAGE_STANDARD = gnu11;
				GCC_NO_COMMON_BLOCKS = YES;
				GCC_WARN_64_TO_32_BIT_CONVERSION = YES;
				GCC_WARN_ABOUT_RETURN_TYPE = YES_ERROR;
				GCC_WARN_UNDECLARED_SELECTOR = YES;
				GCC_WARN_UNINITIALIZED_AUTOS = YES_AGGRESSIVE;
				GCC_WARN_UNUSED_FUNCTION = YES;
				GCC_WARN_UNUSED_VARIABLE = YES;
				IPHONEOS_DEPLOYMENT_TARGET = 12.4;
				MTL_ENABLE_DEBUG_INFO = NO;
				MTL_FAST_MATH = YES;
				SDKROOT = iphoneos;
				SWIFT_COMPILATION_MODE = wholemodule;
				SWIFT_OPTIMIZATION_LEVEL = "-O";
				VALIDATE_PRODUCT = YES;
			};
			name = Release;
		};
		3B3381BA22F3EE660033BE82 /* Debug */ = {
			isa = XCBuildConfiguration;
			baseConfigurationReference = 330B572A031410EA04793FED /* Pods-ConfigurationDemo.debug.xcconfig */;
			buildSettings = {
				ASSETCATALOG_COMPILER_APPICON_NAME = AppIcon;
				CODE_SIGN_STYLE = Automatic;
				DEVELOPMENT_TEAM = 8YKS5UZ2B3;
				INFOPLIST_FILE = ConfigurationDemo/Info.plist;
				LD_RUNPATH_SEARCH_PATHS = (
					"$(inherited)",
					"@executable_path/Frameworks",
				);
				PRODUCT_BUNDLE_IDENTIFIER = com.asiantech.testing;
				PRODUCT_NAME = "$(TARGET_NAME)";
				SWIFT_VERSION = 5.0;
				TARGETED_DEVICE_FAMILY = "1,2";
			};
			name = Debug;
		};
		3B3381BB22F3EE660033BE82 /* Release */ = {
			isa = XCBuildConfiguration;
			baseConfigurationReference = CA0AE63F8B4D93CE3F4E0D6A /* Pods-ConfigurationDemo.release.xcconfig */;
			buildSettings = {
				ASSETCATALOG_COMPILER_APPICON_NAME = AppIcon;
				CODE_SIGN_STYLE = Automatic;
				DEVELOPMENT_TEAM = 8YKS5UZ2B3;
				INFOPLIST_FILE = ConfigurationDemo/Info.plist;
				LD_RUNPATH_SEARCH_PATHS = (
					"$(inherited)",
					"@executable_path/Frameworks",
				);
				PRODUCT_BUNDLE_IDENTIFIER = com.asiantech.testing;
				PRODUCT_NAME = "$(TARGET_NAME)";
				SWIFT_VERSION = 5.0;
				TARGETED_DEVICE_FAMILY = "1,2";
			};
			name = Release;
		};
		3B3381BC22F3F39A0033BE82 /* Staging */ = {
			isa = XCBuildConfiguration;
			baseConfigurationReference = 3B7F7BDB22F44BBF001D46A2 /* Staging.xcconfig */;
			buildSettings = {
				ALWAYS_SEARCH_USER_PATHS = NO;
				CLANG_ANALYZER_NONNULL = YES;
				CLANG_ANALYZER_NUMBER_OBJECT_CONVERSION = YES_AGGRESSIVE;
				CLANG_CXX_LANGUAGE_STANDARD = "gnu++14";
				CLANG_CXX_LIBRARY = "libc++";
				CLANG_ENABLE_MODULES = YES;
				CLANG_ENABLE_OBJC_ARC = YES;
				CLANG_ENABLE_OBJC_WEAK = YES;
				CLANG_WARN_BLOCK_CAPTURE_AUTORELEASING = YES;
				CLANG_WARN_BOOL_CONVERSION = YES;
				CLANG_WARN_COMMA = YES;
				CLANG_WARN_CONSTANT_CONVERSION = YES;
				CLANG_WARN_DEPRECATED_OBJC_IMPLEMENTATIONS = YES;
				CLANG_WARN_DIRECT_OBJC_ISA_USAGE = YES_ERROR;
				CLANG_WARN_DOCUMENTATION_COMMENTS = YES;
				CLANG_WARN_EMPTY_BODY = YES;
				CLANG_WARN_ENUM_CONVERSION = YES;
				CLANG_WARN_INFINITE_RECURSION = YES;
				CLANG_WARN_INT_CONVERSION = YES;
				CLANG_WARN_NON_LITERAL_NULL_CONVERSION = YES;
				CLANG_WARN_OBJC_IMPLICIT_RETAIN_SELF = YES;
				CLANG_WARN_OBJC_LITERAL_CONVERSION = YES;
				CLANG_WARN_OBJC_ROOT_CLASS = YES_ERROR;
				CLANG_WARN_RANGE_LOOP_ANALYSIS = YES;
				CLANG_WARN_STRICT_PROTOTYPES = YES;
				CLANG_WARN_SUSPICIOUS_MOVE = YES;
				CLANG_WARN_UNGUARDED_AVAILABILITY = YES_AGGRESSIVE;
				CLANG_WARN_UNREACHABLE_CODE = YES;
				CLANG_WARN__DUPLICATE_METHOD_MATCH = YES;
				CODE_SIGN_IDENTITY = "iPhone Developer";
				COPY_PHASE_STRIP = NO;
				DEBUG_INFORMATION_FORMAT = dwarf;
				ENABLE_STRICT_OBJC_MSGSEND = YES;
				ENABLE_TESTABILITY = YES;
				GCC_C_LANGUAGE_STANDARD = gnu11;
				GCC_DYNAMIC_NO_PIC = NO;
				GCC_NO_COMMON_BLOCKS = YES;
				GCC_OPTIMIZATION_LEVEL = 0;
				GCC_PREPROCESSOR_DEFINITIONS = (
					"DEBUG=1",
					"$(inherited)",
				);
				GCC_WARN_64_TO_32_BIT_CONVERSION = YES;
				GCC_WARN_ABOUT_RETURN_TYPE = YES_ERROR;
				GCC_WARN_UNDECLARED_SELECTOR = YES;
				GCC_WARN_UNINITIALIZED_AUTOS = YES_AGGRESSIVE;
				GCC_WARN_UNUSED_FUNCTION = YES;
				GCC_WARN_UNUSED_VARIABLE = YES;
				IPHONEOS_DEPLOYMENT_TARGET = 12.4;
				MTL_ENABLE_DEBUG_INFO = INCLUDE_SOURCE;
				MTL_FAST_MATH = YES;
				ONLY_ACTIVE_ARCH = YES;
				SDKROOT = iphoneos;
				SWIFT_ACTIVE_COMPILATION_CONDITIONS = DEBUG;
				SWIFT_OPTIMIZATION_LEVEL = "-Onone";
			};
			name = Staging;
		};
		3B3381BD22F3F39A0033BE82 /* Staging */ = {
			isa = XCBuildConfiguration;
			baseConfigurationReference = CD364DAEB215F49DEF204CBE /* Pods-ConfigurationDemo.staging.xcconfig */;
			buildSettings = {
				ASSETCATALOG_COMPILER_APPICON_NAME = AppIcon;
				CODE_SIGN_STYLE = Automatic;
				DEVELOPMENT_TEAM = 8YKS5UZ2B3;
				INFOPLIST_FILE = ConfigurationDemo/Info.plist;
				LD_RUNPATH_SEARCH_PATHS = (
					"$(inherited)",
					"@executable_path/Frameworks",
				);
				PRODUCT_BUNDLE_IDENTIFIER = com.asiantech.testing;
				PRODUCT_NAME = "$(TARGET_NAME)";
				SWIFT_VERSION = 5.0;
				TARGETED_DEVICE_FAMILY = "1,2";
			};
			name = Staging;
		};
		3B7F7BEB22F44CDC001D46A2 /* Debug */ = {
			isa = XCBuildConfiguration;
			buildSettings = {
				BUNDLE_LOADER = "$(TEST_HOST)";
				CODE_SIGN_STYLE = Automatic;
				INFOPLIST_FILE = ConfigurationDemoTests/Info.plist;
				LD_RUNPATH_SEARCH_PATHS = (
					"$(inherited)",
					"@executable_path/Frameworks",
					"@loader_path/Frameworks",
				);
				PRODUCT_BUNDLE_IDENTIFIER = com.asiantech.ConfigurationDemoTests;
				PRODUCT_NAME = "$(TARGET_NAME)";
				SWIFT_VERSION = 5.0;
				TARGETED_DEVICE_FAMILY = "1,2";
				TEST_HOST = "$(BUILT_PRODUCTS_DIR)/ConfigurationDemo.app/ConfigurationDemo";
			};
			name = Debug;
		};
		3B7F7BEC22F44CDC001D46A2 /* Staging */ = {
			isa = XCBuildConfiguration;
			buildSettings = {
				BUNDLE_LOADER = "$(TEST_HOST)";
				CODE_SIGN_STYLE = Automatic;
				INFOPLIST_FILE = ConfigurationDemoTests/Info.plist;
				LD_RUNPATH_SEARCH_PATHS = (
					"$(inherited)",
					"@executable_path/Frameworks",
					"@loader_path/Frameworks",
				);
				PRODUCT_BUNDLE_IDENTIFIER = com.asiantech.ConfigurationDemoTests;
				PRODUCT_NAME = "$(TARGET_NAME)";
				SWIFT_VERSION = 5.0;
				TARGETED_DEVICE_FAMILY = "1,2";
				TEST_HOST = "$(BUILT_PRODUCTS_DIR)/ConfigurationDemo.app/ConfigurationDemo";
			};
			name = Staging;
		};
		3B7F7BED22F44CDC001D46A2 /* Release */ = {
			isa = XCBuildConfiguration;
			buildSettings = {
				BUNDLE_LOADER = "$(TEST_HOST)";
				CODE_SIGN_STYLE = Automatic;
				INFOPLIST_FILE = ConfigurationDemoTests/Info.plist;
				LD_RUNPATH_SEARCH_PATHS = (
					"$(inherited)",
					"@executable_path/Frameworks",
					"@loader_path/Frameworks",
				);
				PRODUCT_BUNDLE_IDENTIFIER = com.asiantech.ConfigurationDemoTests;
				PRODUCT_NAME = "$(TARGET_NAME)";
				SWIFT_VERSION = 5.0;
				TARGETED_DEVICE_FAMILY = "1,2";
				TEST_HOST = "$(BUILT_PRODUCTS_DIR)/ConfigurationDemo.app/ConfigurationDemo";
			};
			name = Release;
		};
/* End XCBuildConfiguration section */

/* Begin XCConfigurationList section */
		3B3381A222F3EE640033BE82 /* Build configuration list for PBXProject "ConfigurationDemo" */ = {
			isa = XCConfigurationList;
			buildConfigurations = (
				3B3381B722F3EE660033BE82 /* Debug */,
				3B3381BC22F3F39A0033BE82 /* Staging */,
				3B3381B822F3EE660033BE82 /* Release */,
			);
			defaultConfigurationIsVisible = 0;
			defaultConfigurationName = Release;
		};
		3B3381B922F3EE660033BE82 /* Build configuration list for PBXNativeTarget "ConfigurationDemo" */ = {
			isa = XCConfigurationList;
			buildConfigurations = (
				3B3381BA22F3EE660033BE82 /* Debug */,
				3B3381BD22F3F39A0033BE82 /* Staging */,
				3B3381BB22F3EE660033BE82 /* Release */,
			);
			defaultConfigurationIsVisible = 0;
			defaultConfigurationName = Release;
		};
		3B7F7BEE22F44CDC001D46A2 /* Build configuration list for PBXNativeTarget "ConfigurationDemoTests" */ = {
			isa = XCConfigurationList;
			buildConfigurations = (
				3B7F7BEB22F44CDC001D46A2 /* Debug */,
				3B7F7BEC22F44CDC001D46A2 /* Staging */,
				3B7F7BED22F44CDC001D46A2 /* Release */,
			);
			defaultConfigurationIsVisible = 0;
			defaultConfigurationName = Release;
		};
/* End XCConfigurationList section */
	};
	rootObject = 3B33819F22F3EE640033BE82 /* Project object */;
}
